
Microsoft Visual Studio Solution File, Format Version 12.00
# Visual Studio Version 17
VisualStudioVersion = 17.0.31903.59
MinimumVisualStudioVersion = 10.0.40219.1
Project("{FAE04EC0-301F-11D3-BF4B-00C04F79EFBC}") = "Main", "Main\Main.csproj", "{F10FB58C-56B1-44C7-A520-DF9569D15A86}"
EndProject
Project("{FAE04EC0-301F-11D3-BF4B-00C04F79EFBC}") = "CustomGenerator", "CustomGenerator\CustomGenerator.csproj", "{2E89199F-1042-4A9E-8494-882B6C17099D}"
EndProject
Global
	GlobalSection(SolutionConfigurationPlatforms) = preSolution
		Debug|Any CPU = Debug|Any CPU
		Release|Any CPU = Release|Any CPU
	EndGlobalSection
	GlobalSection(SolutionProperties) = preSolution
		HideSolutionNode = FALSE
		StartupProject = Main
	EndGlobalSection
	GlobalSection(ProjectConfigurationPlatforms) = postSolution
		{F10FB58C-56B1-44C7-A520-DF9569D15A86}.Debug|Any CPU.ActiveCfg = Debug|Any CPU
		{F10FB58C-56B1-44C7-A520-DF9569D15A86}.Debug|Any CPU.Build.0 = Debug|Any CPU
		{F10FB58C-56B1-44C7-A520-DF9569D15A86}.Release|Any CPU.ActiveCfg = Release|Any CPU
		{F10FB58C-56B1-44C7-A520-DF9569D15A86}.Release|Any CPU.Build.0 = Release|Any CPU
		{2E89199F-1042-4A9E-8494-882B6C17099D}.Debug|Any CPU.ActiveCfg = Debug|Any CPU
		{2E89199F-1042-4A9E-8494-882B6C17099D}.Debug|Any CPU.Build.0 = Debug|Any CPU
		{2E89199F-1042-4A9E-8494-882B6C17099D}.Release|Any CPU.ActiveCfg = Release|Any CPU
		{2E89199F-1042-4A9E-8494-882B6C17099D}.Release|Any CPU.Build.0 = Release|Any CPU
	EndGlobalSection
EndGlobal
